
Microsoft Visual Studio Solution File, Format Version 12.00
# Visual Studio Version 17
VisualStudioVersion = 17.14.36414.22
MinimumVisualStudioVersion = 10.0.40219.1
Project("{2150E333-8FDC-42A3-9474-1A3956D46DE8}") = "Task0", "Task0", "{02EA681E-C7D8-13C7-8484-4AC65E1B71E8}"
EndProject
Project("{FAE04EC0-301F-11D3-BF4B-00C04F79EFBC}") = "Tyuiu.YachmenevaPV.Sprint1.Task0.V21", "Tyuiu.YachmenevaPV.Sprint1.Task0.V21\Tyuiu.YachmenevaPV.Sprint1.Task0.V21.csproj", "{E3C236F1-4416-4227-BBF7-F3E6261A4A7F}"
EndProject
Project("{FAE04EC0-301F-11D3-BF4B-00C04F79EFBC}") = "Tyuiu.YachmenevaPV.Sprint1.Task0.V21.Lib", "Tyuiu.YachmenevaPV.Sprint1.Task0.V21.Lib\Tyuiu.YachmenevaPV.Sprint1.Task0.V21.Lib.csproj", "{90052464-B851-4601-9A1F-BD199AF3D422}"
EndProject
Project("{FAE04EC0-301F-11D3-BF4B-00C04F79EFBC}") = "Tyuiu.YachmenevaPV.Sprint1.Task0.V21.Test", "Tyuiu.YachmenevaPV.Sprint1.Task0.V21.Test\Tyuiu.YachmenevaPV.Sprint1.Task0.V21.Test.csproj", "{7CB4EC8C-3CD6-4BAE-982C-45C36BC65506}"
EndProject
Project("{2150E333-8FDC-42A3-9474-1A3956D46DE8}") = "Task1", "Task1", "{E7178B57-67A1-47EE-9FBE-C89E1FB45275}"
EndProject
Project("{FAE04EC0-301F-11D3-BF4B-00C04F79EFBC}") = "Tyuiu.YachmenevaPV.Sprint1.Task1.V10", "Tyuiu.YachmenevaPV.Sprint1.Task1.V10\Tyuiu.YachmenevaPV.Sprint1.Task1.V10.csproj", "{C92B0A78-B08A-467E-905B-F5ABBF08AD9A}"
EndProject
Project("{FAE04EC0-301F-11D3-BF4B-00C04F79EFBC}") = "Tyuiu.YachmenevaPV.Sprint1.Task1.V10.Lib", "Tyuiu.YachmenevaPV.Sprint1.Task1.V10.Lib\Tyuiu.YachmenevaPV.Sprint1.Task1.V10.Lib.csproj", "{CAFFA67E-F0DF-4478-A1EB-A149C419A385}"
EndProject
Project("{FAE04EC0-301F-11D3-BF4B-00C04F79EFBC}") = "Tyuiu.YachmenevaPV.Sprint1.Task1.V10.Test", "Tyuiu.YachmenevaPV.Sprint1.Task1.V10.Test\Tyuiu.YachmenevaPV.Sprint1.Task1.V10.Test.csproj", "{7449A955-BD11-4F69-93DB-84E0A743C247}"
EndProject
Project("{2150E333-8FDC-42A3-9474-1A3956D46DE8}") = "Task2", "Task2", "{C8E11630-7BA3-4BA2-93D0-97258E323770}"
EndProject
Project("{FAE04EC0-301F-11D3-BF4B-00C04F79EFBC}") = "Tyuiu.YachmenevaPV.Sprint1.Task2.V12", "Tyuiu.YachmenevaPV.Sprint1.Task2.V12\Tyuiu.YachmenevaPV.Sprint1.Task2.V12.csproj", "{B4EB3A24-C8B0-4360-8593-79F373045D73}"
EndProject
Project("{FAE04EC0-301F-11D3-BF4B-00C04F79EFBC}") = "Tyuiu.YachmenevaPV.Sprint1.Task2.V12.Lib", "Tyuiu.YachmenevaPV.Sprint1.Task2.V12.Lib\Tyuiu.YachmenevaPV.Sprint1.Task2.V12.Lib.csproj", "{0B9E60ED-1018-48A6-8C2C-CF41F9E0CCEA}"
EndProject
Project("{FAE04EC0-301F-11D3-BF4B-00C04F79EFBC}") = "Tyuiu.YachmenevaPV.Sprint1.Task2.V12.Test", "Tyuiu.YachmenevaPV.Sprint1.Task2.V12.Test\Tyuiu.YachmenevaPV.Sprint1.Task2.V12.Test.csproj", "{2F712CDE-C8E2-4D92-8F2B-87CF826D2DFD}"
EndProject
Project("{2150E333-8FDC-42A3-9474-1A3956D46DE8}") = "Task3", "Task3", "{6860942D-4C95-4B80-8B40-D85BE49F7B6F}"
EndProject
Project("{FAE04EC0-301F-11D3-BF4B-00C04F79EFBC}") = "Tyuiu.YachmenevaPV.Sprint1.Task3.V4", "Tyuiu.YachmenevaPV.Sprint1.Task3.V4\Tyuiu.YachmenevaPV.Sprint1.Task3.V4.csproj", "{A752B890-0BC9-409A-9BFD-3750AF454657}"
EndProject
Project("{FAE04EC0-301F-11D3-BF4B-00C04F79EFBC}") = "Tyuiu.YachmenevaPV.Sprint1.Task3.V4.Lib", "Tyuiu.YachmenevaPV.Sprint1.Task3.V4.Lib\Tyuiu.YachmenevaPV.Sprint1.Task3.V4.Lib.csproj", "{58ADED98-2706-4A39-853D-67D2E8461932}"
EndProject
Project("{FAE04EC0-301F-11D3-BF4B-00C04F79EFBC}") = "Tyuiu.YachmenevaPV.Sprint1.Task3.V4.Test", "Tyuiu.YachmenevaPV.Sprint1.Task3.V4.Test\Tyuiu.YachmenevaPV.Sprint1.Task3.V4.Test.csproj", "{140494D6-C816-4DE9-AB54-0E7C0551C39C}"
EndProject
Project("{2150E333-8FDC-42A3-9474-1A3956D46DE8}") = "Task4", "Task4", "{4BFA50D7-AA00-4864-9653-7CC57CBACE57}"
EndProject
Project("{FAE04EC0-301F-11D3-BF4B-00C04F79EFBC}") = "Tyuiu.YachmenevaPV.Sprint1.Task4.V27", "Tyuiu.YachmenevaPV.Sprint1.Task4.V27\Tyuiu.YachmenevaPV.Sprint1.Task4.V27.csproj", "{1555A93B-5CBE-449F-A38A-F700E136FE3D}"
EndProject
Project("{FAE04EC0-301F-11D3-BF4B-00C04F79EFBC}") = "Tyuiu.YachmenevaPV.Sprint1.Task4.V27.Lib", "Tyuiu.YachmenevaPV.Sprint1.Task4.V27.Lib\Tyuiu.YachmenevaPV.Sprint1.Task4.V27.Lib.csproj", "{262F5AE0-893B-4C4C-BD8E-EA45E235BF25}"
EndProject
Project("{FAE04EC0-301F-11D3-BF4B-00C04F79EFBC}") = "Tyuiu.YachmenevaPV.Sprint1.Task4.V27.Test", "Tyuiu.YachmenevaPV.Sprint1.Task4.V27.Test\Tyuiu.YachmenevaPV.Sprint1.Task4.V27.Test.csproj", "{79B94AB5-D5B4-434B-9334-BD97BC91EE06}"
EndProject
Project("{2150E333-8FDC-42A3-9474-1A3956D46DE8}") = "Task5", "Task5", "{9D47F7AA-22E3-408F-BEAF-C20B10E59597}"
EndProject
Project("{FAE04EC0-301F-11D3-BF4B-00C04F79EFBC}") = "Tyuiu.YachmenevaPV.Sprint1.Task5.V6", "Tyuiu.YachmenevaPV.Sprint1.Task5.V6\Tyuiu.YachmenevaPV.Sprint1.Task5.V6.csproj", "{DE086877-E488-4DDE-8CB1-738CA64612FE}"
EndProject
Project("{FAE04EC0-301F-11D3-BF4B-00C04F79EFBC}") = "Tyuiu.YachmenevaPV.Sprint1.Task5.V6.Lib", "Tyuiu.YachmenevaPV.Sprint1.Task5.V6.Lib\Tyuiu.YachmenevaPV.Sprint1.Task5.V6.Lib.csproj", "{3C4AFAA7-E792-4C43-8083-10E42623EC35}"
EndProject
Project("{FAE04EC0-301F-11D3-BF4B-00C04F79EFBC}") = "Tyuiu.YachmenevaPV.Sprint1.Task5.V6.Test", "Tyuiu.YachmenevaPV.Sprint1.Task5.V6.Test\Tyuiu.YachmenevaPV.Sprint1.Task5.V6.Test.csproj", "{FE541E88-580E-4373-B6A1-DB6C07B7993A}"
EndProject
Project("{2150E333-8FDC-42A3-9474-1A3956D46DE8}") = "Task6", "Task6", "{05E18A82-51AC-4239-8284-A5A64AB80FC5}"
EndProject
Project("{FAE04EC0-301F-11D3-BF4B-00C04F79EFBC}") = "Tyuiu.YachmenevaPV.Sprint1.Task6.V5", "Tyuiu.YachmenevaPV.Sprint1.Task6.V5\Tyuiu.YachmenevaPV.Sprint1.Task6.V5.csproj", "{0E3E5D0A-514F-42B5-AF9D-C84E376A5888}"
EndProject
Project("{FAE04EC0-301F-11D3-BF4B-00C04F79EFBC}") = "Tyuiu.YachmenevaPV.Sprint1.Task6.V5.Lib", "Tyuiu.YachmenevaPV.Sprint1.Task6.V5.Lib\Tyuiu.YachmenevaPV.Sprint1.Task6.V5.Lib.csproj", "{6F57CD4F-FE11-4135-8796-0B0C9AC18F01}"
EndProject
Project("{FAE04EC0-301F-11D3-BF4B-00C04F79EFBC}") = "Tyuiu.YachmenevaPV.Sprint1.Task6.V5.Test", "Tyuiu.YachmenevaPV.Sprint1.Task6.V5.Test\Tyuiu.YachmenevaPV.Sprint1.Task6.V5.Test.csproj", "{4607523C-1313-47C6-AE85-23710ADFF949}"
EndProject
Project("{2150E333-8FDC-42A3-9474-1A3956D46DE8}") = "Task7", "Task7", "{A014230F-79BC-4B27-85A9-E58A6BC24E2E}"
EndProject
Project("{FAE04EC0-301F-11D3-BF4B-00C04F79EFBC}") = "Tyuiu.YachmenevaPV.Sprint1.Task7.V9", "Tyuiu.YachmenevaPV.Sprint1.Task7.V9\Tyuiu.YachmenevaPV.Sprint1.Task7.V9.csproj", "{9387630E-A720-46F4-A8CE-6090A951DDBE}"
EndProject
Project("{FAE04EC0-301F-11D3-BF4B-00C04F79EFBC}") = "Tyuiu.YachmenevaPV.Sprint1.Task7.V9.Lib", "Tyuiu.YachmenevaPV.Sprint1.Task7.V9.Lib\Tyuiu.YachmenevaPV.Sprint1.Task7.V9.Lib.csproj", "{058A318A-FFA2-4656-96D1-AE396BC70476}"
EndProject
Project("{FAE04EC0-301F-11D3-BF4B-00C04F79EFBC}") = "Tyuiu.YachmenevaPV.Sprint1.Task7.V9.Test", "Tyuiu.YachmenevaPV.Sprint1.Task7.V9.Test\Tyuiu.YachmenevaPV.Sprint1.Task7.V9.Test.csproj", "{B20708AF-CA95-4375-A513-AD0EB61E7585}"
EndProject
Global
	GlobalSection(SolutionConfigurationPlatforms) = preSolution
		Debug|Any CPU = Debug|Any CPU
		Release|Any CPU = Release|Any CPU
	EndGlobalSection
	GlobalSection(ProjectConfigurationPlatforms) = postSolution
		{E3C236F1-4416-4227-BBF7-F3E6261A4A7F}.Debug|Any CPU.ActiveCfg = Debug|Any CPU
		{E3C236F1-4416-4227-BBF7-F3E6261A4A7F}.Debug|Any CPU.Build.0 = Debug|Any CPU
		{E3C236F1-4416-4227-BBF7-F3E6261A4A7F}.Release|Any CPU.ActiveCfg = Release|Any CPU
		{E3C236F1-4416-4227-BBF7-F3E6261A4A7F}.Release|Any CPU.Build.0 = Release|Any CPU
		{90052464-B851-4601-9A1F-BD199AF3D422}.Debug|Any CPU.ActiveCfg = Debug|Any CPU
		{90052464-B851-4601-9A1F-BD199AF3D422}.Debug|Any CPU.Build.0 = Debug|Any CPU
		{90052464-B851-4601-9A1F-BD199AF3D422}.Release|Any CPU.ActiveCfg = Release|Any CPU
		{90052464-B851-4601-9A1F-BD199AF3D422}.Release|Any CPU.Build.0 = Release|Any CPU
		{7CB4EC8C-3CD6-4BAE-982C-45C36BC65506}.Debug|Any CPU.ActiveCfg = Debug|Any CPU
		{7CB4EC8C-3CD6-4BAE-982C-45C36BC65506}.Debug|Any CPU.Build.0 = Debug|Any CPU
		{7CB4EC8C-3CD6-4BAE-982C-45C36BC65506}.Release|Any CPU.ActiveCfg = Release|Any CPU
		{7CB4EC8C-3CD6-4BAE-982C-45C36BC65506}.Release|Any CPU.Build.0 = Release|Any CPU
		{C92B0A78-B08A-467E-905B-F5ABBF08AD9A}.Debug|Any CPU.ActiveCfg = Debug|Any CPU
		{C92B0A78-B08A-467E-905B-F5ABBF08AD9A}.Debug|Any CPU.Build.0 = Debug|Any CPU
		{C92B0A78-B08A-467E-905B-F5ABBF08AD9A}.Release|Any CPU.ActiveCfg = Release|Any CPU
		{C92B0A78-B08A-467E-905B-F5ABBF08AD9A}.Release|Any CPU.Build.0 = Release|Any CPU
		{CAFFA67E-F0DF-4478-A1EB-A149C419A385}.Debug|Any CPU.ActiveCfg = Debug|Any CPU
		{CAFFA67E-F0DF-4478-A1EB-A149C419A385}.Debug|Any CPU.Build.0 = Debug|Any CPU
		{CAFFA67E-F0DF-4478-A1EB-A149C419A385}.Release|Any CPU.ActiveCfg = Release|Any CPU
		{CAFFA67E-F0DF-4478-A1EB-A149C419A385}.Release|Any CPU.Build.0 = Release|Any CPU
		{7449A955-BD11-4F69-93DB-84E0A743C247}.Debug|Any CPU.ActiveCfg = Debug|Any CPU
		{7449A955-BD11-4F69-93DB-84E0A743C247}.Debug|Any CPU.Build.0 = Debug|Any CPU
		{7449A955-BD11-4F69-93DB-84E0A743C247}.Release|Any CPU.ActiveCfg = Release|Any CPU
		{7449A955-BD11-4F69-93DB-84E0A743C247}.Release|Any CPU.Build.0 = Release|Any CPU
		{B4EB3A24-C8B0-4360-8593-79F373045D73}.Debug|Any CPU.ActiveCfg = Debug|Any CPU
		{B4EB3A24-C8B0-4360-8593-79F373045D73}.Debug|Any CPU.Build.0 = Debug|Any CPU
		{B4EB3A24-C8B0-4360-8593-79F373045D73}.Release|Any CPU.ActiveCfg = Release|Any CPU
		{B4EB3A24-C8B0-4360-8593-79F373045D73}.Release|Any CPU.Build.0 = Release|Any CPU
		{0B9E60ED-1018-48A6-8C2C-CF41F9E0CCEA}.Debug|Any CPU.ActiveCfg = Debug|Any CPU
		{0B9E60ED-1018-48A6-8C2C-CF41F9E0CCEA}.Debug|Any CPU.Build.0 = Debug|Any CPU
		{0B9E60ED-1018-48A6-8C2C-CF41F9E0CCEA}.Release|Any CPU.ActiveCfg = Release|Any CPU
		{0B9E60ED-1018-48A6-8C2C-CF41F9E0CCEA}.Release|Any CPU.Build.0 = Release|Any CPU
		{2F712CDE-C8E2-4D92-8F2B-87CF826D2DFD}.Debug|Any CPU.ActiveCfg = Debug|Any CPU
		{2F712CDE-C8E2-4D92-8F2B-87CF826D2DFD}.Debug|Any CPU.Build.0 = Debug|Any CPU
		{2F712CDE-C8E2-4D92-8F2B-87CF826D2DFD}.Release|Any CPU.ActiveCfg = Release|Any CPU
		{2F712CDE-C8E2-4D92-8F2B-87CF826D2DFD}.Release|Any CPU.Build.0 = Release|Any CPU
		{A752B890-0BC9-409A-9BFD-3750AF454657}.Debug|Any CPU.ActiveCfg = Debug|Any CPU
		{A752B890-0BC9-409A-9BFD-3750AF454657}.Debug|Any CPU.Build.0 = Debug|Any CPU
		{A752B890-0BC9-409A-9BFD-3750AF454657}.Release|Any CPU.ActiveCfg = Release|Any CPU
		{A752B890-0BC9-409A-9BFD-3750AF454657}.Release|Any CPU.Build.0 = Release|Any CPU
		{58ADED98-2706-4A39-853D-67D2E8461932}.Debug|Any CPU.ActiveCfg = Debug|Any CPU
		{58ADED98-2706-4A39-853D-67D2E8461932}.Debug|Any CPU.Build.0 = Debug|Any CPU
		{58ADED98-2706-4A39-853D-67D2E8461932}.Release|Any CPU.ActiveCfg = Release|Any CPU
		{58ADED98-2706-4A39-853D-67D2E8461932}.Release|Any CPU.Build.0 = Release|Any CPU
		{140494D6-C816-4DE9-AB54-0E7C0551C39C}.Debug|Any CPU.ActiveCfg = Debug|Any CPU
		{140494D6-C816-4DE9-AB54-0E7C0551C39C}.Debug|Any CPU.Build.0 = Debug|Any CPU
		{140494D6-C816-4DE9-AB54-0E7C0551C39C}.Release|Any CPU.ActiveCfg = Release|Any CPU
		{140494D6-C816-4DE9-AB54-0E7C0551C39C}.Release|Any CPU.Build.0 = Release|Any CPU
		{1555A93B-5CBE-449F-A38A-F700E136FE3D}.Debug|Any CPU.ActiveCfg = Debug|Any CPU
		{1555A93B-5CBE-449F-A38A-F700E136FE3D}.Debug|Any CPU.Build.0 = Debug|Any CPU
		{1555A93B-5CBE-449F-A38A-F700E136FE3D}.Release|Any CPU.ActiveCfg = Release|Any CPU
		{1555A93B-5CBE-449F-A38A-F700E136FE3D}.Release|Any CPU.Build.0 = Release|Any CPU
		{262F5AE0-893B-4C4C-BD8E-EA45E235BF25}.Debug|Any CPU.ActiveCfg = Debug|Any CPU
		{262F5AE0-893B-4C4C-BD8E-EA45E235BF25}.Debug|Any CPU.Build.0 = Debug|Any CPU
		{262F5AE0-893B-4C4C-BD8E-EA45E235BF25}.Release|Any CPU.ActiveCfg = Release|Any CPU
		{262F5AE0-893B-4C4C-BD8E-EA45E235BF25}.Release|Any CPU.Build.0 = Release|Any CPU
		{79B94AB5-D5B4-434B-9334-BD97BC91EE06}.Debug|Any CPU.ActiveCfg = Debug|Any CPU
		{79B94AB5-D5B4-434B-9334-BD97BC91EE06}.Debug|Any CPU.Build.0 = Debug|Any CPU
		{79B94AB5-D5B4-434B-9334-BD97BC91EE06}.Release|Any CPU.ActiveCfg = Release|Any CPU
		{79B94AB5-D5B4-434B-9334-BD97BC91EE06}.Release|Any CPU.Build.0 = Release|Any CPU
		{DE086877-E488-4DDE-8CB1-738CA64612FE}.Debug|Any CPU.ActiveCfg = Debug|Any CPU
		{DE086877-E488-4DDE-8CB1-738CA64612FE}.Debug|Any CPU.Build.0 = Debug|Any CPU
		{DE086877-E488-4DDE-8CB1-738CA64612FE}.Release|Any CPU.ActiveCfg = Release|Any CPU
		{DE086877-E488-4DDE-8CB1-738CA64612FE}.Release|Any CPU.Build.0 = Release|Any CPU
		{3C4AFAA7-E792-4C43-8083-10E42623EC35}.Debug|Any CPU.ActiveCfg = Debug|Any CPU
		{3C4AFAA7-E792-4C43-8083-10E42623EC35}.Debug|Any CPU.Build.0 = Debug|Any CPU
		{3C4AFAA7-E792-4C43-8083-10E42623EC35}.Release|Any CPU.ActiveCfg = Release|Any CPU
		{3C4AFAA7-E792-4C43-8083-10E42623EC35}.Release|Any CPU.Build.0 = Release|Any CPU
		{FE541E88-580E-4373-B6A1-DB6C07B7993A}.Debug|Any CPU.ActiveCfg = Debug|Any CPU
		{FE541E88-580E-4373-B6A1-DB6C07B7993A}.Debug|Any CPU.Build.0 = Debug|Any CPU
		{FE541E88-580E-4373-B6A1-DB6C07B7993A}.Release|Any CPU.ActiveCfg = Release|Any CPU
		{FE541E88-580E-4373-B6A1-DB6C07B7993A}.Release|Any CPU.Build.0 = Release|Any CPU
		{0E3E5D0A-514F-42B5-AF9D-C84E376A5888}.Debug|Any CPU.ActiveCfg = Debug|Any CPU
		{0E3E5D0A-514F-42B5-AF9D-C84E376A5888}.Debug|Any CPU.Build.0 = Debug|Any CPU
		{0E3E5D0A-514F-42B5-AF9D-C84E376A5888}.Release|Any CPU.ActiveCfg = Release|Any CPU
		{0E3E5D0A-514F-42B5-AF9D-C84E376A5888}.Release|Any CPU.Build.0 = Release|Any CPU
		{6F57CD4F-FE11-4135-8796-0B0C9AC18F01}.Debug|Any CPU.ActiveCfg = Debug|Any CPU
		{6F57CD4F-FE11-4135-8796-0B0C9AC18F01}.Debug|Any CPU.Build.0 = Debug|Any CPU
		{6F57CD4F-FE11-4135-8796-0B0C9AC18F01}.Release|Any CPU.ActiveCfg = Release|Any CPU
		{6F57CD4F-FE11-4135-8796-0B0C9AC18F01}.Release|Any CPU.Build.0 = Release|Any CPU
		{4607523C-1313-47C6-AE85-23710ADFF949}.Debug|Any CPU.ActiveCfg = Debug|Any CPU
		{4607523C-1313-47C6-AE85-23710ADFF949}.Debug|Any CPU.Build.0 = Debug|Any CPU
		{4607523C-1313-47C6-AE85-23710ADFF949}.Release|Any CPU.ActiveCfg = Release|Any CPU
		{4607523C-1313-47C6-AE85-23710ADFF949}.Release|Any CPU.Build.0 = Release|Any CPU
		{9387630E-A720-46F4-A8CE-6090A951DDBE}.Debug|Any CPU.ActiveCfg = Debug|Any CPU
		{9387630E-A720-46F4-A8CE-6090A951DDBE}.Debug|Any CPU.Build.0 = Debug|Any CPU
		{9387630E-A720-46F4-A8CE-6090A951DDBE}.Release|Any CPU.ActiveCfg = Release|Any CPU
		{9387630E-A720-46F4-A8CE-6090A951DDBE}.Release|Any CPU.Build.0 = Release|Any CPU
		{058A318A-FFA2-4656-96D1-AE396BC70476}.Debug|Any CPU.ActiveCfg = Debug|Any CPU
		{058A318A-FFA2-4656-96D1-AE396BC70476}.Debug|Any CPU.Build.0 = Debug|Any CPU
		{058A318A-FFA2-4656-96D1-AE396BC70476}.Release|Any CPU.ActiveCfg = Release|Any CPU
		{058A318A-FFA2-4656-96D1-AE396BC70476}.Release|Any CPU.Build.0 = Release|Any CPU
		{B20708AF-CA95-4375-A513-AD0EB61E7585}.Debug|Any CPU.ActiveCfg = Debug|Any CPU
		{B20708AF-CA95-4375-A513-AD0EB61E7585}.Debug|Any CPU.Build.0 = Debug|Any CPU
		{B20708AF-CA95-4375-A513-AD0EB61E7585}.Release|Any CPU.ActiveCfg = Release|Any CPU
		{B20708AF-CA95-4375-A513-AD0EB61E7585}.Release|Any CPU.Build.0 = Release|Any CPU
	EndGlobalSection
	GlobalSection(SolutionProperties) = preSolution
		HideSolutionNode = FALSE
	EndGlobalSection
	GlobalSection(NestedProjects) = preSolution
		{E3C236F1-4416-4227-BBF7-F3E6261A4A7F} = {02EA681E-C7D8-13C7-8484-4AC65E1B71E8}
		{90052464-B851-4601-9A1F-BD199AF3D422} = {02EA681E-C7D8-13C7-8484-4AC65E1B71E8}
		{7CB4EC8C-3CD6-4BAE-982C-45C36BC65506} = {02EA681E-C7D8-13C7-8484-4AC65E1B71E8}
		{C92B0A78-B08A-467E-905B-F5ABBF08AD9A} = {E7178B57-67A1-47EE-9FBE-C89E1FB45275}
		{CAFFA67E-F0DF-4478-A1EB-A149C419A385} = {E7178B57-67A1-47EE-9FBE-C89E1FB45275}
		{7449A955-BD11-4F69-93DB-84E0A743C247} = {E7178B57-67A1-47EE-9FBE-C89E1FB45275}
		{B4EB3A24-C8B0-4360-8593-79F373045D73} = {C8E11630-7BA3-4BA2-93D0-97258E323770}
		{0B9E60ED-1018-48A6-8C2C-CF41F9E0CCEA} = {C8E11630-7BA3-4BA2-93D0-97258E323770}
		{2F712CDE-C8E2-4D92-8F2B-87CF826D2DFD} = {C8E11630-7BA3-4BA2-93D0-97258E323770}
		{A752B890-0BC9-409A-9BFD-3750AF454657} = {6860942D-4C95-4B80-8B40-D85BE49F7B6F}
		{58ADED98-2706-4A39-853D-67D2E8461932} = {6860942D-4C95-4B80-8B40-D85BE49F7B6F}
		{140494D6-C816-4DE9-AB54-0E7C0551C39C} = {6860942D-4C95-4B80-8B40-D85BE49F7B6F}
		{1555A93B-5CBE-449F-A38A-F700E136FE3D} = {4BFA50D7-AA00-4864-9653-7CC57CBACE57}
		{262F5AE0-893B-4C4C-BD8E-EA45E235BF25} = {4BFA50D7-AA00-4864-9653-7CC57CBACE57}
		{79B94AB5-D5B4-434B-9334-BD97BC91EE06} = {4BFA50D7-AA00-4864-9653-7CC57CBACE57}
		{DE086877-E488-4DDE-8CB1-738CA64612FE} = {9D47F7AA-22E3-408F-BEAF-C20B10E59597}
		{3C4AFAA7-E792-4C43-8083-10E42623EC35} = {9D47F7AA-22E3-408F-BEAF-C20B10E59597}
		{FE541E88-580E-4373-B6A1-DB6C07B7993A} = {9D47F7AA-22E3-408F-BEAF-C20B10E59597}
		{0E3E5D0A-514F-42B5-AF9D-C84E376A5888} = {05E18A82-51AC-4239-8284-A5A64AB80FC5}
		{6F57CD4F-FE11-4135-8796-0B0C9AC18F01} = {05E18A82-51AC-4239-8284-A5A64AB80FC5}
		{4607523C-1313-47C6-AE85-23710ADFF949} = {05E18A82-51AC-4239-8284-A5A64AB80FC5}
		{9387630E-A720-46F4-A8CE-6090A951DDBE} = {A014230F-79BC-4B27-85A9-E58A6BC24E2E}
		{058A318A-FFA2-4656-96D1-AE396BC70476} = {A014230F-79BC-4B27-85A9-E58A6BC24E2E}
		{B20708AF-CA95-4375-A513-AD0EB61E7585} = {A014230F-79BC-4B27-85A9-E58A6BC24E2E}
	EndGlobalSection
	GlobalSection(ExtensibilityGlobals) = postSolution
		SolutionGuid = {84803F66-2299-45D7-BDC9-46F022E6BA66}
	EndGlobalSection
EndGlobal
