
Microsoft Visual Studio Solution File, Format Version 12.00
# Visual Studio Version 17
VisualStudioVersion = 17.14.36414.22
MinimumVisualStudioVersion = 10.0.40219.1
Project("{2150E333-8FDC-42A3-9474-1A3956D46DE8}") = "Task0", "Task0", "{02EA681E-C7D8-13C7-8484-4AC65E1B71E8}"
EndProject
Project("{FAE04EC0-301F-11D3-BF4B-00C04F79EFBC}") = "Tyuiu.YachmenevaPV.Sprint1.Task0.V21", "Tyuiu.YachmenevaPV.Sprint1.Task0.V21\Tyuiu.YachmenevaPV.Sprint1.Task0.V21.csproj", "{E3C236F1-4416-4227-BBF7-F3E6261A4A7F}"
EndProject
Project("{FAE04EC0-301F-11D3-BF4B-00C04F79EFBC}") = "Tyuiu.YachmenevaPV.Sprint1.Task0.V21.Lib", "Tyuiu.YachmenevaPV.Sprint1.Task0.V21.Lib\Tyuiu.YachmenevaPV.Sprint1.Task0.V21.Lib.csproj", "{90052464-B851-4601-9A1F-BD199AF3D422}"
EndProject
Project("{FAE04EC0-301F-11D3-BF4B-00C04F79EFBC}") = "Tyuiu.YachmenevaPV.Sprint1.Task0.V21.Test", "Tyuiu.YachmenevaPV.Sprint1.Task0.V21.Test\Tyuiu.YachmenevaPV.Sprint1.Task0.V21.Test.csproj", "{7CB4EC8C-3CD6-4BAE-982C-45C36BC65506}"
EndProject
Project("{2150E333-8FDC-42A3-9474-1A3956D46DE8}") = "Task1", "Task1", "{E7178B57-67A1-47EE-9FBE-C89E1FB45275}"
EndProject
Project("{FAE04EC0-301F-11D3-BF4B-00C04F79EFBC}") = "Tyuiu.YachmenevaPV.Sprint1.Task1.V10", "Tyuiu.YachmenevaPV.Sprint1.Task1.V10\Tyuiu.YachmenevaPV.Sprint1.Task1.V10.csproj", "{C92B0A78-B08A-467E-905B-F5ABBF08AD9A}"
EndProject
Project("{FAE04EC0-301F-11D3-BF4B-00C04F79EFBC}") = "Tyuiu.YachmenevaPV.Sprint1.Task1.V10.Lib", "Tyuiu.YachmenevaPV.Sprint1.Task1.V10.Lib\Tyuiu.YachmenevaPV.Sprint1.Task1.V10.Lib.csproj", "{CAFFA67E-F0DF-4478-A1EB-A149C419A385}"
EndProject
Project("{FAE04EC0-301F-11D3-BF4B-00C04F79EFBC}") = "Tyuiu.YachmenevaPV.Sprint1.Task1.V10.Test", "Tyuiu.YachmenevaPV.Sprint1.Task1.V10.Test\Tyuiu.YachmenevaPV.Sprint1.Task1.V10.Test.csproj", "{7449A955-BD11-4F69-93DB-84E0A743C247}"
EndProject
Project("{2150E333-8FDC-42A3-9474-1A3956D46DE8}") = "Task2", "Task2", "{C8E11630-7BA3-4BA2-93D0-97258E323770}"
EndProject
Project("{FAE04EC0-301F-11D3-BF4B-00C04F79EFBC}") = "Tyuiu.YachmenevaPV.Sprint1.Task2.V12", "Tyuiu.YachmenevaPV.Sprint1.Task2.V12\Tyuiu.YachmenevaPV.Sprint1.Task2.V12.csproj", "{B4EB3A24-C8B0-4360-8593-79F373045D73}"
EndProject
Project("{FAE04EC0-301F-11D3-BF4B-00C04F79EFBC}") = "Tyuiu.YachmenevaPV.Sprint1.Task2.V12.Lib", "Tyuiu.YachmenevaPV.Sprint1.Task2.V12.Lib\Tyuiu.YachmenevaPV.Sprint1.Task2.V12.Lib.csproj", "{0B9E60ED-1018-48A6-8C2C-CF41F9E0CCEA}"
EndProject
Project("{FAE04EC0-301F-11D3-BF4B-00C04F79EFBC}") = "Tyuiu.YachmenevaPV.Sprint1.Task2.V12.Test", "Tyuiu.YachmenevaPV.Sprint1.Task2.V12.Test\Tyuiu.YachmenevaPV.Sprint1.Task2.V12.Test.csproj", "{2F712CDE-C8E2-4D92-8F2B-87CF826D2DFD}"
EndProject
Global
	GlobalSection(SolutionConfigurationPlatforms) = preSolution
		Debug|Any CPU = Debug|Any CPU
		Release|Any CPU = Release|Any CPU
	EndGlobalSection
	GlobalSection(ProjectConfigurationPlatforms) = postSolution
		{E3C236F1-4416-4227-BBF7-F3E6261A4A7F}.Debug|Any CPU.ActiveCfg = Debug|Any CPU
		{E3C236F1-4416-4227-BBF7-F3E6261A4A7F}.Debug|Any CPU.Build.0 = Debug|Any CPU
		{E3C236F1-4416-4227-BBF7-F3E6261A4A7F}.Release|Any CPU.ActiveCfg = Release|Any CPU
		{E3C236F1-4416-4227-BBF7-F3E6261A4A7F}.Release|Any CPU.Build.0 = Release|Any CPU
		{90052464-B851-4601-9A1F-BD199AF3D422}.Debug|Any CPU.ActiveCfg = Debug|Any CPU
		{90052464-B851-4601-9A1F-BD199AF3D422}.Debug|Any CPU.Build.0 = Debug|Any CPU
		{90052464-B851-4601-9A1F-BD199AF3D422}.Release|Any CPU.ActiveCfg = Release|Any CPU
		{90052464-B851-4601-9A1F-BD199AF3D422}.Release|Any CPU.Build.0 = Release|Any CPU
		{7CB4EC8C-3CD6-4BAE-982C-45C36BC65506}.Debug|Any CPU.ActiveCfg = Debug|Any CPU
		{7CB4EC8C-3CD6-4BAE-982C-45C36BC65506}.Debug|Any CPU.Build.0 = Debug|Any CPU
		{7CB4EC8C-3CD6-4BAE-982C-45C36BC65506}.Release|Any CPU.ActiveCfg = Release|Any CPU
		{7CB4EC8C-3CD6-4BAE-982C-45C36BC65506}.Release|Any CPU.Build.0 = Release|Any CPU
		{C92B0A78-B08A-467E-905B-F5ABBF08AD9A}.Debug|Any CPU.ActiveCfg = Debug|Any CPU
		{C92B0A78-B08A-467E-905B-F5ABBF08AD9A}.Debug|Any CPU.Build.0 = Debug|Any CPU
		{C92B0A78-B08A-467E-905B-F5ABBF08AD9A}.Release|Any CPU.ActiveCfg = Release|Any CPU
		{C92B0A78-B08A-467E-905B-F5ABBF08AD9A}.Release|Any CPU.Build.0 = Release|Any CPU
		{CAFFA67E-F0DF-4478-A1EB-A149C419A385}.Debug|Any CPU.ActiveCfg = Debug|Any CPU
		{CAFFA67E-F0DF-4478-A1EB-A149C419A385}.Debug|Any CPU.Build.0 = Debug|Any CPU
		{CAFFA67E-F0DF-4478-A1EB-A149C419A385}.Release|Any CPU.ActiveCfg = Release|Any CPU
		{CAFFA67E-F0DF-4478-A1EB-A149C419A385}.Release|Any CPU.Build.0 = Release|Any CPU
		{7449A955-BD11-4F69-93DB-84E0A743C247}.Debug|Any CPU.ActiveCfg = Debug|Any CPU
		{7449A955-BD11-4F69-93DB-84E0A743C247}.Debug|Any CPU.Build.0 = Debug|Any CPU
		{7449A955-BD11-4F69-93DB-84E0A743C247}.Release|Any CPU.ActiveCfg = Release|Any CPU
		{7449A955-BD11-4F69-93DB-84E0A743C247}.Release|Any CPU.Build.0 = Release|Any CPU
		{B4EB3A24-C8B0-4360-8593-79F373045D73}.Debug|Any CPU.ActiveCfg = Debug|Any CPU
		{B4EB3A24-C8B0-4360-8593-79F373045D73}.Debug|Any CPU.Build.0 = Debug|Any CPU
		{B4EB3A24-C8B0-4360-8593-79F373045D73}.Release|Any CPU.ActiveCfg = Release|Any CPU
		{B4EB3A24-C8B0-4360-8593-79F373045D73}.Release|Any CPU.Build.0 = Release|Any CPU
		{0B9E60ED-1018-48A6-8C2C-CF41F9E0CCEA}.Debug|Any CPU.ActiveCfg = Debug|Any CPU
		{0B9E60ED-1018-48A6-8C2C-CF41F9E0CCEA}.Debug|Any CPU.Build.0 = Debug|Any CPU
		{0B9E60ED-1018-48A6-8C2C-CF41F9E0CCEA}.Release|Any CPU.ActiveCfg = Release|Any CPU
		{0B9E60ED-1018-48A6-8C2C-CF41F9E0CCEA}.Release|Any CPU.Build.0 = Release|Any CPU
		{2F712CDE-C8E2-4D92-8F2B-87CF826D2DFD}.Debug|Any CPU.ActiveCfg = Debug|Any CPU
		{2F712CDE-C8E2-4D92-8F2B-87CF826D2DFD}.Debug|Any CPU.Build.0 = Debug|Any CPU
		{2F712CDE-C8E2-4D92-8F2B-87CF826D2DFD}.Release|Any CPU.ActiveCfg = Release|Any CPU
		{2F712CDE-C8E2-4D92-8F2B-87CF826D2DFD}.Release|Any CPU.Build.0 = Release|Any CPU
	EndGlobalSection
	GlobalSection(SolutionProperties) = preSolution
		HideSolutionNode = FALSE
	EndGlobalSection
	GlobalSection(NestedProjects) = preSolution
		{E3C236F1-4416-4227-BBF7-F3E6261A4A7F} = {02EA681E-C7D8-13C7-8484-4AC65E1B71E8}
		{90052464-B851-4601-9A1F-BD199AF3D422} = {02EA681E-C7D8-13C7-8484-4AC65E1B71E8}
		{7CB4EC8C-3CD6-4BAE-982C-45C36BC65506} = {02EA681E-C7D8-13C7-8484-4AC65E1B71E8}
		{C92B0A78-B08A-467E-905B-F5ABBF08AD9A} = {E7178B57-67A1-47EE-9FBE-C89E1FB45275}
		{CAFFA67E-F0DF-4478-A1EB-A149C419A385} = {E7178B57-67A1-47EE-9FBE-C89E1FB45275}
		{7449A955-BD11-4F69-93DB-84E0A743C247} = {E7178B57-67A1-47EE-9FBE-C89E1FB45275}
		{B4EB3A24-C8B0-4360-8593-79F373045D73} = {C8E11630-7BA3-4BA2-93D0-97258E323770}
		{0B9E60ED-1018-48A6-8C2C-CF41F9E0CCEA} = {C8E11630-7BA3-4BA2-93D0-97258E323770}
		{2F712CDE-C8E2-4D92-8F2B-87CF826D2DFD} = {C8E11630-7BA3-4BA2-93D0-97258E323770}
	EndGlobalSection
	GlobalSection(ExtensibilityGlobals) = postSolution
		SolutionGuid = {84803F66-2299-45D7-BDC9-46F022E6BA66}
	EndGlobalSection
EndGlobal
